
Microsoft Visual Studio Solution File, Format Version 12.00
# Visual Studio Version 17
VisualStudioVersion = 17.14.36511.14 d17.14
MinimumVisualStudioVersion = 10.0.40219.1
Project("{FAE04EC0-301F-11D3-BF4B-00C04F79EFBC}") = "onlineShop.Shared", "onlineShop.Shared.csproj", "{3D089CC5-A4F2-42CF-98DD-A606F3553FC7}"
EndProject
Global
	GlobalSection(SolutionConfigurationPlatforms) = preSolution
		Debug|Any CPU = Debug|Any CPU
		Release|Any CPU = Release|Any CPU
	EndGlobalSection
	GlobalSection(ProjectConfigurationPlatforms) = postSolution
		{3D089CC5-A4F2-42CF-98DD-A606F3553FC7}.Debug|Any CPU.ActiveCfg = Debug|Any CPU
		{3D089CC5-A4F2-42CF-98DD-A606F3553FC7}.Debug|Any CPU.Build.0 = Debug|Any CPU
		{3D089CC5-A4F2-42CF-98DD-A606F3553FC7}.Release|Any CPU.ActiveCfg = Release|Any CPU
		{3D089CC5-A4F2-42CF-98DD-A606F3553FC7}.Release|Any CPU.Build.0 = Release|Any CPU
	EndGlobalSection
	GlobalSection(SolutionProperties) = preSolution
		HideSolutionNode = FALSE
	EndGlobalSection
	GlobalSection(ExtensibilityGlobals) = postSolution
		SolutionGuid = {C7234721-FFD7-4BD0-A4F7-AAF5F4F0F897}
	EndGlobalSection
EndGlobal
